// !$*UTF8*$!
{
	archiveVersion = 1;
	classes = {
	};
	objectVersion = 46;
	objects = {

/* Begin PBXBuildFile section */
		849CED5F193F0C4F003E3C22 /* Foundation.framework in Frameworks */ = {isa = PBXBuildFile; fileRef = 849CED5E193F0C4F003E3C22 /* Foundation.framework */; };
		849CED61193F0C4F003E3C22 /* CoreGraphics.framework in Frameworks */ = {isa = PBXBuildFile; fileRef = 849CED60193F0C4F003E3C22 /* CoreGraphics.framework */; };
		849CED63193F0C4F003E3C22 /* UIKit.framework in Frameworks */ = {isa = PBXBuildFile; fileRef = 849CED62193F0C4F003E3C22 /* UIKit.framework */; };
		849CED69193F0C4F003E3C22 /* InfoPlist.strings in Resources */ = {isa = PBXBuildFile; fileRef = 849CED67193F0C4F003E3C22 /* InfoPlist.strings */; };
		849CED6B193F0C4F003E3C22 /* main.m in Sources */ = {isa = PBXBuildFile; fileRef = 849CED6A193F0C4F003E3C22 /* main.m */; };
		849CED6F193F0C4F003E3C22 /* MCAppDelegate.m in Sources */ = {isa = PBXBuildFile; fileRef = 849CED6E193F0C4F003E3C22 /* MCAppDelegate.m */; };
		849CED72193F0C4F003E3C22 /* Main.storyboard in Resources */ = {isa = PBXBuildFile; fileRef = 849CED70193F0C4F003E3C22 /* Main.storyboard */; };
		849CED75193F0C4F003E3C22 /* MCMainViewController.m in Sources */ = {isa = PBXBuildFile; fileRef = 849CED74193F0C4F003E3C22 /* MCMainViewController.m */; };
		849CED77193F0C4F003E3C22 /* Images.xcassets in Resources */ = {isa = PBXBuildFile; fileRef = 849CED76193F0C4F003E3C22 /* Images.xcassets */; };
		849CED7E193F0C50003E3C22 /* XCTest.framework in Frameworks */ = {isa = PBXBuildFile; fileRef = 849CED7D193F0C50003E3C22 /* XCTest.framework */; };
		849CED7F193F0C50003E3C22 /* Foundation.framework in Frameworks */ = {isa = PBXBuildFile; fileRef = 849CED5E193F0C4F003E3C22 /* Foundation.framework */; };
		849CED80193F0C50003E3C22 /* UIKit.framework in Frameworks */ = {isa = PBXBuildFile; fileRef = 849CED62193F0C4F003E3C22 /* UIKit.framework */; };
		849CED88193F0C50003E3C22 /* InfoPlist.strings in Resources */ = {isa = PBXBuildFile; fileRef = 849CED86193F0C50003E3C22 /* InfoPlist.strings */; };
		849CED8A193F0C50003E3C22 /* MacysTests.m in Sources */ = {isa = PBXBuildFile; fileRef = 849CED89193F0C50003E3C22 /* MacysTests.m */; };
		849CED98193F0EC3003E3C22 /* Product.m in Sources */ = {isa = PBXBuildFile; fileRef = 849CED97193F0EC3003E3C22 /* Product.m */; };
		849CEDA5193F28A8003E3C22 /* FMDatabase.m in Sources */ = {isa = PBXBuildFile; fileRef = 849CED9B193F28A8003E3C22 /* FMDatabase.m */; };
		849CEDA6193F28A8003E3C22 /* FMDatabaseAdditions.m in Sources */ = {isa = PBXBuildFile; fileRef = 849CED9D193F28A8003E3C22 /* FMDatabaseAdditions.m */; };
		849CEDA7193F28A8003E3C22 /* FMDatabasePool.m in Sources */ = {isa = PBXBuildFile; fileRef = 849CED9F193F28A8003E3C22 /* FMDatabasePool.m */; };
		849CEDA8193F28A8003E3C22 /* FMDatabaseQueue.m in Sources */ = {isa = PBXBuildFile; fileRef = 849CEDA1193F28A8003E3C22 /* FMDatabaseQueue.m */; };
		849CEDA9193F28A8003E3C22 /* FMResultSet.m in Sources */ = {isa = PBXBuildFile; fileRef = 849CEDA4193F28A8003E3C22 /* FMResultSet.m */; };
		849CEDAB193F29A6003E3C22 /* libsqlite3.dylib in Frameworks */ = {isa = PBXBuildFile; fileRef = 849CEDAA193F29A6003E3C22 /* libsqlite3.dylib */; };
		849CEDAE193F3526003E3C22 /* MCDBStorage.m in Sources */ = {isa = PBXBuildFile; fileRef = 849CEDAD193F3526003E3C22 /* MCDBStorage.m */; };
		84B157DD194094E50071DEDB /* UIColor+Hex.m in Sources */ = {isa = PBXBuildFile; fileRef = 84B157DC194094E50071DEDB /* UIColor+Hex.m */; };
		84B157E11940952F0071DEDB /* Base64.m in Sources */ = {isa = PBXBuildFile; fileRef = 84B157E01940952F0071DEDB /* Base64.m */; };
		84E6492B1941A085004499AC /* Color.m in Sources */ = {isa = PBXBuildFile; fileRef = 84E6492A1941A085004499AC /* Color.m */; };
		84E6492E1941A0D2004499AC /* Store.m in Sources */ = {isa = PBXBuildFile; fileRef = 84E6492D1941A0D2004499AC /* Store.m */; };
		84E649311941A4BB004499AC /* MCSelectionBaseViewController.m in Sources */ = {isa = PBXBuildFile; fileRef = 84E649301941A4BB004499AC /* MCSelectionBaseViewController.m */; };
		84E649331941A4DA004499AC /* SelectionView.xib in Resources */ = {isa = PBXBuildFile; fileRef = 84E649321941A4DA004499AC /* SelectionView.xib */; };
		84E649371941A912004499AC /* ColorTableViewCell.xib in Resources */ = {isa = PBXBuildFile; fileRef = 84E649361941A912004499AC /* ColorTableViewCell.xib */; };
		84E6493B1941AC48004499AC /* MCColorTableViewCell.m in Sources */ = {isa = PBXBuildFile; fileRef = 84E6493A1941AC48004499AC /* MCColorTableViewCell.m */; };
		84E6493F1941B91B004499AC /* Entity.m in Sources */ = {isa = PBXBuildFile; fileRef = 84E6493E1941B91B004499AC /* Entity.m */; };
		84E649421941BBF4004499AC /* MCColorsViewController.m in Sources */ = {isa = PBXBuildFile; fileRef = 84E649411941BBF4004499AC /* MCColorsViewController.m */; };
		84E649451941BC05004499AC /* MCStoresViewController.m in Sources */ = {isa = PBXBuildFile; fileRef = 84E649441941BC05004499AC /* MCStoresViewController.m */; };
		84F8F27D193F716B0037E40C /* mockData.json in Resources */ = {isa = PBXBuildFile; fileRef = 84F8F27C193F716B0037E40C /* mockData.json */; };
		84F8F280193F7B880037E40C /* MCDetailViewController.m in Sources */ = {isa = PBXBuildFile; fileRef = 84F8F27F193F7B880037E40C /* MCDetailViewController.m */; };
		84F8F282193F7BBE0037E40C /* DetailView.xib in Resources */ = {isa = PBXBuildFile; fileRef = 84F8F281193F7BBE0037E40C /* DetailView.xib */; };
/* End PBXBuildFile section */

/* Begin PBXContainerItemProxy section */
		849CED81193F0C50003E3C22 /* PBXContainerItemProxy */ = {
			isa = PBXContainerItemProxy;
			containerPortal = 849CED53193F0C4F003E3C22 /* Project object */;
			proxyType = 1;
			remoteGlobalIDString = 849CED5A193F0C4F003E3C22;
			remoteInfo = Macys;
		};
/* End PBXContainerItemProxy section */

/* Begin PBXFileReference section */
		849CED5B193F0C4F003E3C22 /* Macys.app */ = {isa = PBXFileReference; explicitFileType = wrapper.application; includeInIndex = 0; path = Macys.app; sourceTree = BUILT_PRODUCTS_DIR; };
		849CED5E193F0C4F003E3C22 /* Foundation.framework */ = {isa = PBXFileReference; lastKnownFileType = wrapper.framework; name = Foundation.framework; path = System/Library/Frameworks/Foundation.framework; sourceTree = SDKROOT; };
		849CED60193F0C4F003E3C22 /* CoreGraphics.framework */ = {isa = PBXFileReference; lastKnownFileType = wrapper.framework; name = CoreGraphics.framework; path = System/Library/Frameworks/CoreGraphics.framework; sourceTree = SDKROOT; };
		849CED62193F0C4F003E3C22 /* UIKit.framework */ = {isa = PBXFileReference; lastKnownFileType = wrapper.framework; name = UIKit.framework; path = System/Library/Frameworks/UIKit.framework; sourceTree = SDKROOT; };
		849CED66193F0C4F003E3C22 /* Macys-Info.plist */ = {isa = PBXFileReference; lastKnownFileType = text.plist.xml; path = "Macys-Info.plist"; sourceTree = "<group>"; };
		849CED68193F0C4F003E3C22 /* en */ = {isa = PBXFileReference; lastKnownFileType = text.plist.strings; name = en; path = en.lproj/InfoPlist.strings; sourceTree = "<group>"; };
		849CED6A193F0C4F003E3C22 /* main.m */ = {isa = PBXFileReference; lastKnownFileType = sourcecode.c.objc; path = main.m; sourceTree = "<group>"; };
		849CED6C193F0C4F003E3C22 /* Macys-Prefix.pch */ = {isa = PBXFileReference; lastKnownFileType = sourcecode.c.h; path = "Macys-Prefix.pch"; sourceTree = "<group>"; };
		849CED6D193F0C4F003E3C22 /* MCAppDelegate.h */ = {isa = PBXFileReference; lastKnownFileType = sourcecode.c.h; path = MCAppDelegate.h; sourceTree = "<group>"; };
		849CED6E193F0C4F003E3C22 /* MCAppDelegate.m */ = {isa = PBXFileReference; lastKnownFileType = sourcecode.c.objc; path = MCAppDelegate.m; sourceTree = "<group>"; };
		849CED71193F0C4F003E3C22 /* Base */ = {isa = PBXFileReference; lastKnownFileType = file.storyboard; name = Base; path = Base.lproj/Main.storyboard; sourceTree = "<group>"; };
		849CED73193F0C4F003E3C22 /* MCMainViewController.h */ = {isa = PBXFileReference; lastKnownFileType = sourcecode.c.h; name = MCMainViewController.h; path = ../MCMainViewController.h; sourceTree = "<group>"; };
		849CED74193F0C4F003E3C22 /* MCMainViewController.m */ = {isa = PBXFileReference; lastKnownFileType = sourcecode.c.objc; name = MCMainViewController.m; path = ../MCMainViewController.m; sourceTree = "<group>"; };
		849CED76193F0C4F003E3C22 /* Images.xcassets */ = {isa = PBXFileReference; lastKnownFileType = folder.assetcatalog; path = Images.xcassets; sourceTree = "<group>"; };
		849CED7C193F0C50003E3C22 /* MacysTests.xctest */ = {isa = PBXFileReference; explicitFileType = wrapper.cfbundle; includeInIndex = 0; path = MacysTests.xctest; sourceTree = BUILT_PRODUCTS_DIR; };
		849CED7D193F0C50003E3C22 /* XCTest.framework */ = {isa = PBXFileReference; lastKnownFileType = wrapper.framework; name = XCTest.framework; path = Library/Frameworks/XCTest.framework; sourceTree = DEVELOPER_DIR; };
		849CED85193F0C50003E3C22 /* MacysTests-Info.plist */ = {isa = PBXFileReference; lastKnownFileType = text.plist.xml; path = "MacysTests-Info.plist"; sourceTree = "<group>"; };
		849CED87193F0C50003E3C22 /* en */ = {isa = PBXFileReference; lastKnownFileType = text.plist.strings; name = en; path = en.lproj/InfoPlist.strings; sourceTree = "<group>"; };
		849CED89193F0C50003E3C22 /* MacysTests.m */ = {isa = PBXFileReference; lastKnownFileType = sourcecode.c.objc; path = MacysTests.m; sourceTree = "<group>"; };
		849CED96193F0EC3003E3C22 /* Product.h */ = {isa = PBXFileReference; fileEncoding = 4; lastKnownFileType = sourcecode.c.h; path = Product.h; sourceTree = "<group>"; };
		849CED97193F0EC3003E3C22 /* Product.m */ = {isa = PBXFileReference; fileEncoding = 4; lastKnownFileType = sourcecode.c.objc; path = Product.m; sourceTree = "<group>"; };
		849CED9A193F28A8003E3C22 /* FMDatabase.h */ = {isa = PBXFileReference; fileEncoding = 4; lastKnownFileType = sourcecode.c.h; name = FMDatabase.h; path = FMDB/src/fmdb/FMDatabase.h; sourceTree = "<group>"; };
		849CED9B193F28A8003E3C22 /* FMDatabase.m */ = {isa = PBXFileReference; fileEncoding = 4; lastKnownFileType = sourcecode.c.objc; name = FMDatabase.m; path = FMDB/src/fmdb/FMDatabase.m; sourceTree = "<group>"; };
		849CED9C193F28A8003E3C22 /* FMDatabaseAdditions.h */ = {isa = PBXFileReference; fileEncoding = 4; lastKnownFileType = sourcecode.c.h; name = FMDatabaseAdditions.h; path = FMDB/src/fmdb/FMDatabaseAdditions.h; sourceTree = "<group>"; };
		849CED9D193F28A8003E3C22 /* FMDatabaseAdditions.m */ = {isa = PBXFileReference; fileEncoding = 4; lastKnownFileType = sourcecode.c.objc; name = FMDatabaseAdditions.m; path = FMDB/src/fmdb/FMDatabaseAdditions.m; sourceTree = "<group>"; };
		849CED9E193F28A8003E3C22 /* FMDatabasePool.h */ = {isa = PBXFileReference; fileEncoding = 4; lastKnownFileType = sourcecode.c.h; name = FMDatabasePool.h; path = FMDB/src/fmdb/FMDatabasePool.h; sourceTree = "<group>"; };
		849CED9F193F28A8003E3C22 /* FMDatabasePool.m */ = {isa = PBXFileReference; fileEncoding = 4; lastKnownFileType = sourcecode.c.objc; name = FMDatabasePool.m; path = FMDB/src/fmdb/FMDatabasePool.m; sourceTree = "<group>"; };
		849CEDA0193F28A8003E3C22 /* FMDatabaseQueue.h */ = {isa = PBXFileReference; fileEncoding = 4; lastKnownFileType = sourcecode.c.h; name = FMDatabaseQueue.h; path = FMDB/src/fmdb/FMDatabaseQueue.h; sourceTree = "<group>"; };
		849CEDA1193F28A8003E3C22 /* FMDatabaseQueue.m */ = {isa = PBXFileReference; fileEncoding = 4; lastKnownFileType = sourcecode.c.objc; name = FMDatabaseQueue.m; path = FMDB/src/fmdb/FMDatabaseQueue.m; sourceTree = "<group>"; };
		849CEDA2193F28A8003E3C22 /* FMDB.h */ = {isa = PBXFileReference; fileEncoding = 4; lastKnownFileType = sourcecode.c.h; name = FMDB.h; path = FMDB/src/fmdb/FMDB.h; sourceTree = "<group>"; };
		849CEDA3193F28A8003E3C22 /* FMResultSet.h */ = {isa = PBXFileReference; fileEncoding = 4; lastKnownFileType = sourcecode.c.h; name = FMResultSet.h; path = FMDB/src/fmdb/FMResultSet.h; sourceTree = "<group>"; };
		849CEDA4193F28A8003E3C22 /* FMResultSet.m */ = {isa = PBXFileReference; fileEncoding = 4; lastKnownFileType = sourcecode.c.objc; name = FMResultSet.m; path = FMDB/src/fmdb/FMResultSet.m; sourceTree = "<group>"; };
		849CEDAA193F29A6003E3C22 /* libsqlite3.dylib */ = {isa = PBXFileReference; lastKnownFileType = "compiled.mach-o.dylib"; name = libsqlite3.dylib; path = usr/lib/libsqlite3.dylib; sourceTree = SDKROOT; };
		849CEDAC193F3526003E3C22 /* MCDBStorage.h */ = {isa = PBXFileReference; fileEncoding = 4; lastKnownFileType = sourcecode.c.h; path = MCDBStorage.h; sourceTree = "<group>"; };
		849CEDAD193F3526003E3C22 /* MCDBStorage.m */ = {isa = PBXFileReference; fileEncoding = 4; lastKnownFileType = sourcecode.c.objc; path = MCDBStorage.m; sourceTree = "<group>"; };
		84B157DB194094E40071DEDB /* UIColor+Hex.h */ = {isa = PBXFileReference; fileEncoding = 4; lastKnownFileType = sourcecode.c.h; path = "UIColor+Hex.h"; sourceTree = "<group>"; };
		84B157DC194094E50071DEDB /* UIColor+Hex.m */ = {isa = PBXFileReference; fileEncoding = 4; lastKnownFileType = sourcecode.c.objc; path = "UIColor+Hex.m"; sourceTree = "<group>"; };
		84B157DF1940952F0071DEDB /* Base64.h */ = {isa = PBXFileReference; fileEncoding = 4; lastKnownFileType = sourcecode.c.h; path = Base64.h; sourceTree = "<group>"; };
		84B157E01940952F0071DEDB /* Base64.m */ = {isa = PBXFileReference; fileEncoding = 4; lastKnownFileType = sourcecode.c.objc; path = Base64.m; sourceTree = "<group>"; };
		84E649291941A085004499AC /* Color.h */ = {isa = PBXFileReference; fileEncoding = 4; lastKnownFileType = sourcecode.c.h; path = Color.h; sourceTree = "<group>"; };
		84E6492A1941A085004499AC /* Color.m */ = {isa = PBXFileReference; fileEncoding = 4; lastKnownFileType = sourcecode.c.objc; path = Color.m; sourceTree = "<group>"; };
		84E6492C1941A0D2004499AC /* Store.h */ = {isa = PBXFileReference; fileEncoding = 4; lastKnownFileType = sourcecode.c.h; path = Store.h; sourceTree = "<group>"; };
		84E6492D1941A0D2004499AC /* Store.m */ = {isa = PBXFileReference; fileEncoding = 4; lastKnownFileType = sourcecode.c.objc; path = Store.m; sourceTree = "<group>"; };
		84E6492F1941A4BB004499AC /* MCSelectionBaseViewController.h */ = {isa = PBXFileReference; fileEncoding = 4; lastKnownFileType = sourcecode.c.h; path = MCSelectionBaseViewController.h; sourceTree = "<group>"; };
		84E649301941A4BB004499AC /* MCSelectionBaseViewController.m */ = {isa = PBXFileReference; fileEncoding = 4; lastKnownFileType = sourcecode.c.objc; path = MCSelectionBaseViewController.m; sourceTree = "<group>"; };
		84E649321941A4DA004499AC /* SelectionView.xib */ = {isa = PBXFileReference; fileEncoding = 4; lastKnownFileType = file.xib; path = SelectionView.xib; sourceTree = "<group>"; };
		84E649361941A912004499AC /* ColorTableViewCell.xib */ = {isa = PBXFileReference; fileEncoding = 4; lastKnownFileType = file.xib; name = ColorTableViewCell.xib; path = ../ViewControllers/ColorTableViewCell.xib; sourceTree = "<group>"; };
		84E649391941AC48004499AC /* MCColorTableViewCell.h */ = {isa = PBXFileReference; fileEncoding = 4; lastKnownFileType = sourcecode.c.h; path = MCColorTableViewCell.h; sourceTree = "<group>"; };
		84E6493A1941AC48004499AC /* MCColorTableViewCell.m */ = {isa = PBXFileReference; fileEncoding = 4; lastKnownFileType = sourcecode.c.objc; path = MCColorTableViewCell.m; sourceTree = "<group>"; };
		84E6493D1941B91B004499AC /* Entity.h */ = {isa = PBXFileReference; fileEncoding = 4; lastKnownFileType = sourcecode.c.h; path = Entity.h; sourceTree = "<group>"; };
		84E6493E1941B91B004499AC /* Entity.m */ = {isa = PBXFileReference; fileEncoding = 4; lastKnownFileType = sourcecode.c.objc; path = Entity.m; sourceTree = "<group>"; };
		84E649401941BBF4004499AC /* MCColorsViewController.h */ = {isa = PBXFileReference; fileEncoding = 4; lastKnownFileType = sourcecode.c.h; path = MCColorsViewController.h; sourceTree = "<group>"; };
		84E649411941BBF4004499AC /* MCColorsViewController.m */ = {isa = PBXFileReference; fileEncoding = 4; lastKnownFileType = sourcecode.c.objc; path = MCColorsViewController.m; sourceTree = "<group>"; };
		84E649431941BC05004499AC /* MCStoresViewController.h */ = {isa = PBXFileReference; fileEncoding = 4; lastKnownFileType = sourcecode.c.h; path = MCStoresViewController.h; sourceTree = "<group>"; };
		84E649441941BC05004499AC /* MCStoresViewController.m */ = {isa = PBXFileReference; fileEncoding = 4; lastKnownFileType = sourcecode.c.objc; path = MCStoresViewController.m; sourceTree = "<group>"; };
		84F8F27C193F716B0037E40C /* mockData.json */ = {isa = PBXFileReference; fileEncoding = 4; lastKnownFileType = text.json; path = mockData.json; sourceTree = "<group>"; };
		84F8F27E193F7B880037E40C /* MCDetailViewController.h */ = {isa = PBXFileReference; fileEncoding = 4; lastKnownFileType = sourcecode.c.h; path = MCDetailViewController.h; sourceTree = "<group>"; };
		84F8F27F193F7B880037E40C /* MCDetailViewController.m */ = {isa = PBXFileReference; fileEncoding = 4; lastKnownFileType = sourcecode.c.objc; path = MCDetailViewController.m; sourceTree = "<group>"; };
		84F8F281193F7BBE0037E40C /* DetailView.xib */ = {isa = PBXFileReference; fileEncoding = 4; lastKnownFileType = file.xib; path = DetailView.xib; sourceTree = "<group>"; };
/* End PBXFileReference section */

/* Begin PBXFrameworksBuildPhase section */
		849CED58193F0C4F003E3C22 /* Frameworks */ = {
			isa = PBXFrameworksBuildPhase;
			buildActionMask = 2147483647;
			files = (
				849CEDAB193F29A6003E3C22 /* libsqlite3.dylib in Frameworks */,
				849CED61193F0C4F003E3C22 /* CoreGraphics.framework in Frameworks */,
				849CED63193F0C4F003E3C22 /* UIKit.framework in Frameworks */,
				849CED5F193F0C4F003E3C22 /* Foundation.framework in Frameworks */,
			);
			runOnlyForDeploymentPostprocessing = 0;
		};
		849CED79193F0C50003E3C22 /* Frameworks */ = {
			isa = PBXFrameworksBuildPhase;
			buildActionMask = 2147483647;
			files = (
				849CED7E193F0C50003E3C22 /* XCTest.framework in Frameworks */,
				849CED80193F0C50003E3C22 /* UIKit.framework in Frameworks */,
				849CED7F193F0C50003E3C22 /* Foundation.framework in Frameworks */,
			);
			runOnlyForDeploymentPostprocessing = 0;
		};
/* End PBXFrameworksBuildPhase section */

/* Begin PBXGroup section */
		849CED52193F0C4F003E3C22 = {
			isa = PBXGroup;
			children = (
				849CED64193F0C4F003E3C22 /* Macys */,
				849CED83193F0C50003E3C22 /* MacysTests */,
				849CED5D193F0C4F003E3C22 /* Frameworks */,
				849CED5C193F0C4F003E3C22 /* Products */,
			);
			sourceTree = "<group>";
		};
		849CED5C193F0C4F003E3C22 /* Products */ = {
			isa = PBXGroup;
			children = (
				849CED5B193F0C4F003E3C22 /* Macys.app */,
				849CED7C193F0C50003E3C22 /* MacysTests.xctest */,
			);
			name = Products;
			sourceTree = "<group>";
		};
		849CED5D193F0C4F003E3C22 /* Frameworks */ = {
			isa = PBXGroup;
			children = (
				849CEDAA193F29A6003E3C22 /* libsqlite3.dylib */,
				849CED5E193F0C4F003E3C22 /* Foundation.framework */,
				849CED60193F0C4F003E3C22 /* CoreGraphics.framework */,
				849CED62193F0C4F003E3C22 /* UIKit.framework */,
				849CED7D193F0C50003E3C22 /* XCTest.framework */,
			);
			name = Frameworks;
			sourceTree = "<group>";
		};
		849CED64193F0C4F003E3C22 /* Macys */ = {
			isa = PBXGroup;
			children = (
				849CED99193F2875003E3C22 /* FMDB */,
				84B157DA194094E40071DEDB /* Categories */,
				849CED6D193F0C4F003E3C22 /* MCAppDelegate.h */,
				849CED6E193F0C4F003E3C22 /* MCAppDelegate.m */,
				849CED70193F0C4F003E3C22 /* Main.storyboard */,
				849CED76193F0C4F003E3C22 /* Images.xcassets */,
				84E649381941AC1F004499AC /* Views */,
				849CED94193F0CC2003E3C22 /* DataModel */,
				849CED95193F0CD0003E3C22 /* ViewControllers */,
				849CED65193F0C4F003E3C22 /* Supporting Files */,
			);
			path = Macys;
			sourceTree = "<group>";
		};
		849CED65193F0C4F003E3C22 /* Supporting Files */ = {
			isa = PBXGroup;
			children = (
				849CED66193F0C4F003E3C22 /* Macys-Info.plist */,
				849CED67193F0C4F003E3C22 /* InfoPlist.strings */,
				849CED6A193F0C4F003E3C22 /* main.m */,
				849CED6C193F0C4F003E3C22 /* Macys-Prefix.pch */,
				84F8F27C193F716B0037E40C /* mockData.json */,
			);
			name = "Supporting Files";
			sourceTree = "<group>";
		};
		849CED83193F0C50003E3C22 /* MacysTests */ = {
			isa = PBXGroup;
			children = (
				849CED89193F0C50003E3C22 /* MacysTests.m */,
				849CED84193F0C50003E3C22 /* Supporting Files */,
			);
			path = MacysTests;
			sourceTree = "<group>";
		};
		849CED84193F0C50003E3C22 /* Supporting Files */ = {
			isa = PBXGroup;
			children = (
				849CED85193F0C50003E3C22 /* MacysTests-Info.plist */,
				849CED86193F0C50003E3C22 /* InfoPlist.strings */,
			);
			name = "Supporting Files";
			sourceTree = "<group>";
		};
		849CED94193F0CC2003E3C22 /* DataModel */ = {
			isa = PBXGroup;
			children = (
				849CEDAC193F3526003E3C22 /* MCDBStorage.h */,
				849CEDAD193F3526003E3C22 /* MCDBStorage.m */,
				84E6493C1941B903004499AC /* Base */,
				849CED96193F0EC3003E3C22 /* Product.h */,
				849CED97193F0EC3003E3C22 /* Product.m */,
				84E649291941A085004499AC /* Color.h */,
				84E6492A1941A085004499AC /* Color.m */,
				84E6492C1941A0D2004499AC /* Store.h */,
				84E6492D1941A0D2004499AC /* Store.m */,
			);
			name = DataModel;
			path = DataModels;
			sourceTree = "<group>";
		};
		849CED95193F0CD0003E3C22 /* ViewControllers */ = {
			isa = PBXGroup;
			children = (
				849CED73193F0C4F003E3C22 /* MCMainViewController.h */,
				849CED74193F0C4F003E3C22 /* MCMainViewController.m */,
				84F8F27E193F7B880037E40C /* MCDetailViewController.h */,
				84F8F27F193F7B880037E40C /* MCDetailViewController.m */,
				84F8F281193F7BBE0037E40C /* DetailView.xib */,
				84E6492F1941A4BB004499AC /* MCSelectionBaseViewController.h */,
				84E649301941A4BB004499AC /* MCSelectionBaseViewController.m */,
				84E649321941A4DA004499AC /* SelectionView.xib */,
				84E649401941BBF4004499AC /* MCColorsViewController.h */,
				84E649411941BBF4004499AC /* MCColorsViewController.m */,
				84E649431941BC05004499AC /* MCStoresViewController.h */,
				84E649441941BC05004499AC /* MCStoresViewController.m */,
			);
			path = ViewControllers;
			sourceTree = "<group>";
		};
		849CED99193F2875003E3C22 /* FMDB */ = {
			isa = PBXGroup;
			children = (
				849CED9A193F28A8003E3C22 /* FMDatabase.h */,
				849CED9B193F28A8003E3C22 /* FMDatabase.m */,
				849CED9C193F28A8003E3C22 /* FMDatabaseAdditions.h */,
				849CED9D193F28A8003E3C22 /* FMDatabaseAdditions.m */,
				849CED9E193F28A8003E3C22 /* FMDatabasePool.h */,
				849CED9F193F28A8003E3C22 /* FMDatabasePool.m */,
				849CEDA0193F28A8003E3C22 /* FMDatabaseQueue.h */,
				849CEDA1193F28A8003E3C22 /* FMDatabaseQueue.m */,
				849CEDA2193F28A8003E3C22 /* FMDB.h */,
				849CEDA3193F28A8003E3C22 /* FMResultSet.h */,
				849CEDA4193F28A8003E3C22 /* FMResultSet.m */,
			);
			name = FMDB;
			sourceTree = "<group>";
		};
		84B157DA194094E40071DEDB /* Categories */ = {
			isa = PBXGroup;
			children = (
				84B157DE1940952F0071DEDB /* Base64 */,
				84B157DB194094E40071DEDB /* UIColor+Hex.h */,
				84B157DC194094E50071DEDB /* UIColor+Hex.m */,
			);
			path = Categories;
			sourceTree = "<group>";
		};
		84B157DE1940952F0071DEDB /* Base64 */ = {
			isa = PBXGroup;
			children = (
				84B157DF1940952F0071DEDB /* Base64.h */,
				84B157E01940952F0071DEDB /* Base64.m */,
			);
			name = Base64;
			path = ../Base64;
			sourceTree = "<group>";
		};
		84E649381941AC1F004499AC /* Views */ = {
			isa = PBXGroup;
			children = (
				84E649391941AC48004499AC /* MCColorTableViewCell.h */,
				84E6493A1941AC48004499AC /* MCColorTableViewCell.m */,
				84E649361941A912004499AC /* ColorTableViewCell.xib */,
			);
			path = Views;
			sourceTree = "<group>";
		};
		84E6493C1941B903004499AC /* Base */ = {
			isa = PBXGroup;
			children = (
				84E6493D1941B91B004499AC /* Entity.h */,
				84E6493E1941B91B004499AC /* Entity.m */,
			);
			name = Base;
			sourceTree = "<group>";
		};
/* End PBXGroup section */

/* Begin PBXNativeTarget section */
		849CED5A193F0C4F003E3C22 /* Macys */ = {
			isa = PBXNativeTarget;
			buildConfigurationList = 849CED8D193F0C50003E3C22 /* Build configuration list for PBXNativeTarget "Macys" */;
			buildPhases = (
				849CED57193F0C4F003E3C22 /* Sources */,
				849CED58193F0C4F003E3C22 /* Frameworks */,
				849CED59193F0C4F003E3C22 /* Resources */,
			);
			buildRules = (
			);
			dependencies = (
			);
			name = Macys;
			productName = Macys;
			productReference = 849CED5B193F0C4F003E3C22 /* Macys.app */;
			productType = "com.apple.product-type.application";
		};
		849CED7B193F0C50003E3C22 /* MacysTests */ = {
			isa = PBXNativeTarget;
			buildConfigurationList = 849CED90193F0C50003E3C22 /* Build configuration list for PBXNativeTarget "MacysTests" */;
			buildPhases = (
				849CED78193F0C50003E3C22 /* Sources */,
				849CED79193F0C50003E3C22 /* Frameworks */,
				849CED7A193F0C50003E3C22 /* Resources */,
			);
			buildRules = (
			);
			dependencies = (
				849CED82193F0C50003E3C22 /* PBXTargetDependency */,
			);
			name = MacysTests;
			productName = MacysTests;
			productReference = 849CED7C193F0C50003E3C22 /* MacysTests.xctest */;
			productType = "com.apple.product-type.bundle.unit-test";
		};
/* End PBXNativeTarget section */

/* Begin PBXProject section */
		849CED53193F0C4F003E3C22 /* Project object */ = {
			isa = PBXProject;
			attributes = {
				CLASSPREFIX = MC;
				LastUpgradeCheck = 0500;
				ORGANIZATIONNAME = mmakankov;
				TargetAttributes = {
					849CED7B193F0C50003E3C22 = {
						TestTargetID = 849CED5A193F0C4F003E3C22;
					};
				};
			};
			buildConfigurationList = 849CED56193F0C4F003E3C22 /* Build configuration list for PBXProject "Macys" */;
			compatibilityVersion = "Xcode 3.2";
			developmentRegion = English;
			hasScannedForEncodings = 0;
			knownRegions = (
				en,
				Base,
			);
			mainGroup = 849CED52193F0C4F003E3C22;
			productRefGroup = 849CED5C193F0C4F003E3C22 /* Products */;
			projectDirPath = "";
			projectRoot = "";
			targets = (
				849CED5A193F0C4F003E3C22 /* Macys */,
				849CED7B193F0C50003E3C22 /* MacysTests */,
			);
		};
/* End PBXProject section */

/* Begin PBXResourcesBuildPhase section */
		849CED59193F0C4F003E3C22 /* Resources */ = {
			isa = PBXResourcesBuildPhase;
			buildActionMask = 2147483647;
			files = (
				84E649331941A4DA004499AC /* SelectionView.xib in Resources */,
				84E649371941A912004499AC /* ColorTableViewCell.xib in Resources */,
				849CED77193F0C4F003E3C22 /* Images.xcassets in Resources */,
				849CED69193F0C4F003E3C22 /* InfoPlist.strings in Resources */,
				849CED72193F0C4F003E3C22 /* Main.storyboard in Resources */,
				84F8F27D193F716B0037E40C /* mockData.json in Resources */,
				84F8F282193F7BBE0037E40C /* DetailView.xib in Resources */,
			);
			runOnlyForDeploymentPostprocessing = 0;
		};
		849CED7A193F0C50003E3C22 /* Resources */ = {
			isa = PBXResourcesBuildPhase;
			buildActionMask = 2147483647;
			files = (
				849CED88193F0C50003E3C22 /* InfoPlist.strings in Resources */,
			);
			runOnlyForDeploymentPostprocessing = 0;
		};
/* End PBXResourcesBuildPhase section */

/* Begin PBXSourcesBuildPhase section */
		849CED57193F0C4F003E3C22 /* Sources */ = {
			isa = PBXSourcesBuildPhase;
			buildActionMask = 2147483647;
			files = (
				84E6493B1941AC48004499AC /* MCColorTableViewCell.m in Sources */,
				84B157E11940952F0071DEDB /* Base64.m in Sources */,
				84E6492B1941A085004499AC /* Color.m in Sources */,
				84E649421941BBF4004499AC /* MCColorsViewController.m in Sources */,
				849CED6F193F0C4F003E3C22 /* MCAppDelegate.m in Sources */,
				84E6492E1941A0D2004499AC /* Store.m in Sources */,
				84E649451941BC05004499AC /* MCStoresViewController.m in Sources */,
				84E649311941A4BB004499AC /* MCSelectionBaseViewController.m in Sources */,
				84E6493F1941B91B004499AC /* Entity.m in Sources */,
				84B157DD194094E50071DEDB /* UIColor+Hex.m in Sources */,
				849CEDA8193F28A8003E3C22 /* FMDatabaseQueue.m in Sources */,
				849CED75193F0C4F003E3C22 /* MCMainViewController.m in Sources */,
				84F8F280193F7B880037E40C /* MCDetailViewController.m in Sources */,
				849CED6B193F0C4F003E3C22 /* main.m in Sources */,
				849CEDA5193F28A8003E3C22 /* FMDatabase.m in Sources */,
				849CEDA7193F28A8003E3C22 /* FMDatabasePool.m in Sources */,
				849CEDA9193F28A8003E3C22 /* FMResultSet.m in Sources */,
				849CED98193F0EC3003E3C22 /* Product.m in Sources */,
				849CEDA6193F28A8003E3C22 /* FMDatabaseAdditions.m in Sources */,
				849CEDAE193F3526003E3C22 /* MCDBStorage.m in Sources */,
			);
			runOnlyForDeploymentPostprocessing = 0;
		};
		849CED78193F0C50003E3C22 /* Sources */ = {
			isa = PBXSourcesBuildPhase;
			buildActionMask = 2147483647;
			files = (
				849CED8A193F0C50003E3C22 /* MacysTests.m in Sources */,
			);
			runOnlyForDeploymentPostprocessing = 0;
		};
/* End PBXSourcesBuildPhase section */

/* Begin PBXTargetDependency section */
		849CED82193F0C50003E3C22 /* PBXTargetDependency */ = {
			isa = PBXTargetDependency;
			target = 849CED5A193F0C4F003E3C22 /* Macys */;
			targetProxy = 849CED81193F0C50003E3C22 /* PBXContainerItemProxy */;
		};
/* End PBXTargetDependency section */

/* Begin PBXVariantGroup section */
		849CED67193F0C4F003E3C22 /* InfoPlist.strings */ = {
			isa = PBXVariantGroup;
			children = (
				849CED68193F0C4F003E3C22 /* en */,
			);
			name = InfoPlist.strings;
			sourceTree = "<group>";
		};
		849CED70193F0C4F003E3C22 /* Main.storyboard */ = {
			isa = PBXVariantGroup;
			children = (
				849CED71193F0C4F003E3C22 /* Base */,
			);
			name = Main.storyboard;
			sourceTree = "<group>";
		};
		849CED86193F0C50003E3C22 /* InfoPlist.strings */ = {
			isa = PBXVariantGroup;
			children = (
				849CED87193F0C50003E3C22 /* en */,
			);
			name = InfoPlist.strings;
			sourceTree = "<group>";
		};
/* End PBXVariantGroup section */

/* Begin XCBuildConfiguration section */
		849CED8B193F0C50003E3C22 /* Debug */ = {
			isa = XCBuildConfiguration;
			buildSettings = {
				ALWAYS_SEARCH_USER_PATHS = NO;
				ARCHS = "$(ARCHS_STANDARD_INCLUDING_64_BIT)";
				CLANG_CXX_LANGUAGE_STANDARD = "gnu++0x";
				CLANG_CXX_LIBRARY = "libc++";
				CLANG_ENABLE_MODULES = YES;
				CLANG_ENABLE_OBJC_ARC = YES;
				CLANG_WARN_BOOL_CONVERSION = YES;
				CLANG_WARN_CONSTANT_CONVERSION = YES;
				CLANG_WARN_DIRECT_OBJC_ISA_USAGE = YES_ERROR;
				CLANG_WARN_EMPTY_BODY = YES;
				CLANG_WARN_ENUM_CONVERSION = YES;
				CLANG_WARN_INT_CONVERSION = YES;
				CLANG_WARN_OBJC_ROOT_CLASS = YES_ERROR;
				CLANG_WARN__DUPLICATE_METHOD_MATCH = YES;
				"CODE_SIGN_IDENTITY[sdk=iphoneos*]" = "iPhone Developer";
				COPY_PHASE_STRIP = NO;
				GCC_C_LANGUAGE_STANDARD = gnu99;
				GCC_DYNAMIC_NO_PIC = NO;
				GCC_OPTIMIZATION_LEVEL = 0;
				GCC_PREPROCESSOR_DEFINITIONS = (
					"DEBUG=1",
					"$(inherited)",
				);
				GCC_SYMBOLS_PRIVATE_EXTERN = NO;
				GCC_WARN_64_TO_32_BIT_CONVERSION = YES;
				GCC_WARN_ABOUT_RETURN_TYPE = YES_ERROR;
				GCC_WARN_UNDECLARED_SELECTOR = YES;
				GCC_WARN_UNINITIALIZED_AUTOS = YES;
				GCC_WARN_UNUSED_FUNCTION = YES;
				GCC_WARN_UNUSED_VARIABLE = YES;
				IPHONEOS_DEPLOYMENT_TARGET = 7.0;
				ONLY_ACTIVE_ARCH = YES;
				SDKROOT = iphoneos;
			};
			name = Debug;
		};
		849CED8C193F0C50003E3C22 /* Release */ = {
			isa = XCBuildConfiguration;
			buildSettings = {
				ALWAYS_SEARCH_USER_PATHS = NO;
				ARCHS = "$(ARCHS_STANDARD_INCLUDING_64_BIT)";
				CLANG_CXX_LANGUAGE_STANDARD = "gnu++0x";
				CLANG_CXX_LIBRARY = "libc++";
				CLANG_ENABLE_MODULES = YES;
				CLANG_ENABLE_OBJC_ARC = YES;
				CLANG_WARN_BOOL_CONVERSION = YES;
				CLANG_WARN_CONSTANT_CONVERSION = YES;
				CLANG_WARN_DIRECT_OBJC_ISA_USAGE = YES_ERROR;
				CLANG_WARN_EMPTY_BODY = YES;
				CLANG_WARN_ENUM_CONVERSION = YES;
				CLANG_WARN_INT_CONVERSION = YES;
				CLANG_WARN_OBJC_ROOT_CLASS = YES_ERROR;
				CLANG_WARN__DUPLICATE_METHOD_MATCH = YES;
				"CODE_SIGN_IDENTITY[sdk=iphoneos*]" = "iPhone Developer";
				COPY_PHASE_STRIP = YES;
				ENABLE_NS_ASSERTIONS = NO;
				GCC_C_LANGUAGE_STANDARD = gnu99;
				GCC_WARN_64_TO_32_BIT_CONVERSION = YES;
				GCC_WARN_ABOUT_RETURN_TYPE = YES_ERROR;
				GCC_WARN_UNDECLARED_SELECTOR = YES;
				GCC_WARN_UNINITIALIZED_AUTOS = YES;
				GCC_WARN_UNUSED_FUNCTION = YES;
				GCC_WARN_UNUSED_VARIABLE = YES;
				IPHONEOS_DEPLOYMENT_TARGET = 7.0;
				SDKROOT = iphoneos;
				VALIDATE_PRODUCT = YES;
			};
			name = Release;
		};
		849CED8E193F0C50003E3C22 /* Debug */ = {
			isa = XCBuildConfiguration;
			buildSettings = {
				ASSETCATALOG_COMPILER_APPICON_NAME = AppIcon;
				ASSETCATALOG_COMPILER_LAUNCHIMAGE_NAME = LaunchImage;
				GCC_PRECOMPILE_PREFIX_HEADER = YES;
				GCC_PREFIX_HEADER = "Macys/Macys-Prefix.pch";
				INFOPLIST_FILE = "Macys/Macys-Info.plist";
				IPHONEOS_DEPLOYMENT_TARGET = 6.0;
				PRODUCT_NAME = "$(TARGET_NAME)";
				WRAPPER_EXTENSION = app;
			};
			name = Debug;
		};
		849CED8F193F0C50003E3C22 /* Release */ = {
			isa = XCBuildConfiguration;
			buildSettings = {
				ASSETCATALOG_COMPILER_APPICON_NAME = AppIcon;
				ASSETCATALOG_COMPILER_LAUNCHIMAGE_NAME = LaunchImage;
				GCC_PRECOMPILE_PREFIX_HEADER = YES;
				GCC_PREFIX_HEADER = "Macys/Macys-Prefix.pch";
				INFOPLIST_FILE = "Macys/Macys-Info.plist";
				IPHONEOS_DEPLOYMENT_TARGET = 6.0;
				PRODUCT_NAME = "$(TARGET_NAME)";
				WRAPPER_EXTENSION = app;
			};
			name = Release;
		};
		849CED91193F0C50003E3C22 /* Debug */ = {
			isa = XCBuildConfiguration;
			buildSettings = {
				ARCHS = "$(ARCHS_STANDARD_INCLUDING_64_BIT)";
				BUNDLE_LOADER = "$(BUILT_PRODUCTS_DIR)/Macys.app/Macys";
				FRAMEWORK_SEARCH_PATHS = (
					"$(SDKROOT)/Developer/Library/Frameworks",
					"$(inherited)",
					"$(DEVELOPER_FRAMEWORKS_DIR)",
				);
				GCC_PRECOMPILE_PREFIX_HEADER = YES;
				GCC_PREFIX_HEADER = "Macys/Macys-Prefix.pch";
				GCC_PREPROCESSOR_DEFINITIONS = (
					"DEBUG=1",
					"$(inherited)",
				);
				INFOPLIST_FILE = "MacysTests/MacysTests-Info.plist";
				PRODUCT_NAME = "$(TARGET_NAME)";
				TEST_HOST = "$(BUNDLE_LOADER)";
				WRAPPER_EXTENSION = xctest;
			};
			name = Debug;
		};
		849CED92193F0C50003E3C22 /* Release */ = {
			isa = XCBuildConfiguration;
			buildSettings = {
				ARCHS = "$(ARCHS_STANDARD_INCLUDING_64_BIT)";
				BUNDLE_LOADER = "$(BUILT_PRODUCTS_DIR)/Macys.app/Macys";
				FRAMEWORK_SEARCH_PATHS = (
					"$(SDKROOT)/Developer/Library/Frameworks",
					"$(inherited)",
					"$(DEVELOPER_FRAMEWORKS_DIR)",
				);
				GCC_PRECOMPILE_PREFIX_HEADER = YES;
				GCC_PREFIX_HEADER = "Macys/Macys-Prefix.pch";
				INFOPLIST_FILE = "MacysTests/MacysTests-Info.plist";
				PRODUCT_NAME = "$(TARGET_NAME)";
				TEST_HOST = "$(BUNDLE_LOADER)";
				WRAPPER_EXTENSION = xctest;
			};
			name = Release;
		};
/* End XCBuildConfiguration section */

/* Begin XCConfigurationList section */
		849CED56193F0C4F003E3C22 /* Build configuration list for PBXProject "Macys" */ = {
			isa = XCConfigurationList;
			buildConfigurations = (
				849CED8B193F0C50003E3C22 /* Debug */,
				849CED8C193F0C50003E3C22 /* Release */,
			);
			defaultConfigurationIsVisible = 0;
			defaultConfigurationName = Release;
		};
		849CED8D193F0C50003E3C22 /* Build configuration list for PBXNativeTarget "Macys" */ = {
			isa = XCConfigurationList;
			buildConfigurations = (
				849CED8E193F0C50003E3C22 /* Debug */,
				849CED8F193F0C50003E3C22 /* Release */,
			);
			defaultConfigurationIsVisible = 0;
			defaultConfigurationName = Release;
		};
		849CED90193F0C50003E3C22 /* Build configuration list for PBXNativeTarget "MacysTests" */ = {
			isa = XCConfigurationList;
			buildConfigurations = (
				849CED91193F0C50003E3C22 /* Debug */,
				849CED92193F0C50003E3C22 /* Release */,
			);
			defaultConfigurationIsVisible = 0;
			defaultConfigurationName = Release;
		};
/* End XCConfigurationList section */
	};
	rootObject = 849CED53193F0C4F003E3C22 /* Project object */;
}
